
Microsoft Visual Studio Solution File, Format Version 12.00
# Visual Studio Version 17
VisualStudioVersion = 17.8.34511.84
MinimumVisualStudioVersion = 10.0.40219.1
Project("{FAE04EC0-301F-11D3-BF4B-00C04F79EFBC}") = "es-settimana-12-Giorno-2", "es-settimana-12-Giorno-2\es-settimana-12-Giorno-2.csproj", "{2AC1B316-7607-4347-83CD-19988A63BA7C}"
EndProject
Global
	GlobalSection(SolutionConfigurationPlatforms) = preSolution
		Debug|Any CPU = Debug|Any CPU
		Release|Any CPU = Release|Any CPU
	EndGlobalSection
	GlobalSection(ProjectConfigurationPlatforms) = postSolution
		{2AC1B316-7607-4347-83CD-19988A63BA7C}.Debug|Any CPU.ActiveCfg = Debug|Any CPU
		{2AC1B316-7607-4347-83CD-19988A63BA7C}.Debug|Any CPU.Build.0 = Debug|Any CPU
		{2AC1B316-7607-4347-83CD-19988A63BA7C}.Release|Any CPU.ActiveCfg = Release|Any CPU
		{2AC1B316-7607-4347-83CD-19988A63BA7C}.Release|Any CPU.Build.0 = Release|Any CPU
	EndGlobalSection
	GlobalSection(SolutionProperties) = preSolution
		HideSolutionNode = FALSE
	EndGlobalSection
	GlobalSection(ExtensibilityGlobals) = postSolution
		SolutionGuid = {A998E342-79A4-4027-94B2-EE2371E3749F}
	EndGlobalSection
EndGlobal
